<Solution>
  <Configurations>
    <Platform Name="Any CPU" />
    <Platform Name="x64" />
    <Platform Name="x86" />
  </Configurations>
  <Project Path="Fundo.Application/Fundo.Application.csproj" />
  <Project Path="Fundo.Applications.WebApi/Fundo.Applications.WebApi.csproj" />
  <Project Path="Fundo.Domain/Fundo.Domain.csproj" />
  <Project Path="Fundo.Infrastructure/Fundo.Infrastructure.csproj" />
  <Project Path="Fundo.Services.Tests/Fundo.Services.Tests.csproj" />
</Solution>
